
Microsoft Visual Studio Solution File, Format Version 12.00
# Visual Studio Version 16
VisualStudioVersion = 16.0.29613.14
MinimumVisualStudioVersion = 10.0.40219.1
Project("{FAE04EC0-301F-11D3-BF4B-00C04F79EFBC}") = "Extract Movie Ratings", "Extract Movie Ratings\Extract Movie Ratings.csproj", "{4AF4FED8-F037-461B-97E5-18709E9CDD3A}"
EndProject
Global
	GlobalSection(SolutionConfigurationPlatforms) = preSolution
		Debug|Any CPU = Debug|Any CPU
		Release|Any CPU = Release|Any CPU
	EndGlobalSection
	GlobalSection(ProjectConfigurationPlatforms) = postSolution
		{4AF4FED8-F037-461B-97E5-18709E9CDD3A}.Debug|Any CPU.ActiveCfg = Debug|Any CPU
		{4AF4FED8-F037-461B-97E5-18709E9CDD3A}.Debug|Any CPU.Build.0 = Debug|Any CPU
		{4AF4FED8-F037-461B-97E5-18709E9CDD3A}.Release|Any CPU.ActiveCfg = Release|Any CPU
		{4AF4FED8-F037-461B-97E5-18709E9CDD3A}.Release|Any CPU.Build.0 = Release|Any CPU
	EndGlobalSection
	GlobalSection(SolutionProperties) = preSolution
		HideSolutionNode = FALSE
	EndGlobalSection
	GlobalSection(ExtensibilityGlobals) = postSolution
		SolutionGuid = {25F18B00-15BE-4EE5-B81F-357BDC8D842E}
	EndGlobalSection
EndGlobal
